
Microsoft Visual Studio Solution File, Format Version 12.00
# Visual Studio Version 16
VisualStudioVersion = 16.0.32602.291
MinimumVisualStudioVersion = 10.0.40219.1
Project("{FAE04EC0-301F-11D3-BF4B-00C04F79EFBC}") = "ProjetoAlura", "ProjetoAlura.csproj", "{20041E1C-69F9-4CA0-BD0C-9971E3303BE5}"
EndProject
Global
	GlobalSection(SolutionConfigurationPlatforms) = preSolution
		Debug|Any CPU = Debug|Any CPU
		Release|Any CPU = Release|Any CPU
	EndGlobalSection
	GlobalSection(ProjectConfigurationPlatforms) = postSolution
		{20041E1C-69F9-4CA0-BD0C-9971E3303BE5}.Debug|Any CPU.ActiveCfg = Debug|Any CPU
		{20041E1C-69F9-4CA0-BD0C-9971E3303BE5}.Debug|Any CPU.Build.0 = Debug|Any CPU
		{20041E1C-69F9-4CA0-BD0C-9971E3303BE5}.Release|Any CPU.ActiveCfg = Release|Any CPU
		{20041E1C-69F9-4CA0-BD0C-9971E3303BE5}.Release|Any CPU.Build.0 = Release|Any CPU
	EndGlobalSection
	GlobalSection(SolutionProperties) = preSolution
		HideSolutionNode = FALSE
	EndGlobalSection
	GlobalSection(ExtensibilityGlobals) = postSolution
		SolutionGuid = {DBB4E607-C875-4F61-9155-7EE5D2516A80}
	EndGlobalSection
EndGlobal
